// !$*UTF8*$!
{
	archiveVersion = 1;
	classes = {
	};
	objectVersion = 46;
	objects = {

/* Begin PBXBuildFile section */
		62C8D56A1A0180FB00F5E69E /* Schwarzer_Punkt.jpg in Resources */ = {isa = PBXBuildFile; fileRef = 62C8D5691A0180FB00F5E69E /* Schwarzer_Punkt.jpg */; };
		62D522191A010C310096D7D8 /* main.m in Sources */ = {isa = PBXBuildFile; fileRef = 62D522181A010C310096D7D8 /* main.m */; };
		62D5221C1A010C310096D7D8 /* AppDelegate.m in Sources */ = {isa = PBXBuildFile; fileRef = 62D5221B1A010C310096D7D8 /* AppDelegate.m */; };
		62D5221F1A010C310096D7D8 /* ViewController.m in Sources */ = {isa = PBXBuildFile; fileRef = 62D5221E1A010C310096D7D8 /* ViewController.m */; };
		62D522221A010C310096D7D8 /* Main.storyboard in Resources */ = {isa = PBXBuildFile; fileRef = 62D522201A010C310096D7D8 /* Main.storyboard */; };
		62D522241A010C310096D7D8 /* Images.xcassets in Resources */ = {isa = PBXBuildFile; fileRef = 62D522231A010C310096D7D8 /* Images.xcassets */; };
		62D522271A010C310096D7D8 /* LaunchScreen.xib in Resources */ = {isa = PBXBuildFile; fileRef = 62D522251A010C310096D7D8 /* LaunchScreen.xib */; };
		62D522331A010C310096D7D8 /* CubeTests.m in Sources */ = {isa = PBXBuildFile; fileRef = 62D522321A010C310096D7D8 /* CubeTests.m */; };
/* End PBXBuildFile section */

/* Begin PBXContainerItemProxy section */
		62D5222D1A010C310096D7D8 /* PBXContainerItemProxy */ = {
			isa = PBXContainerItemProxy;
			containerPortal = 62D5220B1A010C310096D7D8 /* Project object */;
			proxyType = 1;
			remoteGlobalIDString = 62D522121A010C310096D7D8;
			remoteInfo = Cube;
		};
/* End PBXContainerItemProxy section */

/* Begin PBXFileReference section */
		62C8D5691A0180FB00F5E69E /* Schwarzer_Punkt.jpg */ = {isa = PBXFileReference; lastKnownFileType = image.jpeg; path = Schwarzer_Punkt.jpg; sourceTree = "<group>"; };
		62D522131A010C310096D7D8 /* Cube.app */ = {isa = PBXFileReference; explicitFileType = wrapper.application; includeInIndex = 0; path = Cube.app; sourceTree = BUILT_PRODUCTS_DIR; };
		62D522171A010C310096D7D8 /* Info.plist */ = {isa = PBXFileReference; lastKnownFileType = text.plist.xml; path = Info.plist; sourceTree = "<group>"; };
		62D522181A010C310096D7D8 /* main.m */ = {isa = PBXFileReference; lastKnownFileType = sourcecode.c.objc; path = main.m; sourceTree = "<group>"; };
		62D5221A1A010C310096D7D8 /* AppDelegate.h */ = {isa = PBXFileReference; lastKnownFileType = sourcecode.c.h; path = AppDelegate.h; sourceTree = "<group>"; };
		62D5221B1A010C310096D7D8 /* AppDelegate.m */ = {isa = PBXFileReference; lastKnownFileType = sourcecode.c.objc; path = AppDelegate.m; sourceTree = "<group>"; };
		62D5221D1A010C310096D7D8 /* ViewController.h */ = {isa = PBXFileReference; lastKnownFileType = sourcecode.c.h; path = ViewController.h; sourceTree = "<group>"; };
		62D5221E1A010C310096D7D8 /* ViewController.m */ = {isa = PBXFileReference; lastKnownFileType = sourcecode.c.objc; path = ViewController.m; sourceTree = "<group>"; };
		62D522211A010C310096D7D8 /* Base */ = {isa = PBXFileReference; lastKnownFileType = file.storyboard; name = Base; path = Base.lproj/Main.storyboard; sourceTree = "<group>"; };
		62D522231A010C310096D7D8 /* Images.xcassets */ = {isa = PBXFileReference; lastKnownFileType = folder.assetcatalog; path = Images.xcassets; sourceTree = "<group>"; };
		62D522261A010C310096D7D8 /* Base */ = {isa = PBXFileReference; lastKnownFileType = file.xib; name = Base; path = Base.lproj/LaunchScreen.xib; sourceTree = "<group>"; };
		62D5222C1A010C310096D7D8 /* CubeTests.xctest */ = {isa = PBXFileReference; explicitFileType = wrapper.cfbundle; includeInIndex = 0; path = CubeTests.xctest; sourceTree = BUILT_PRODUCTS_DIR; };
		62D522311A010C310096D7D8 /* Info.plist */ = {isa = PBXFileReference; lastKnownFileType = text.plist.xml; path = Info.plist; sourceTree = "<group>"; };
		62D522321A010C310096D7D8 /* CubeTests.m */ = {isa = PBXFileReference; lastKnownFileType = sourcecode.c.objc; path = CubeTests.m; sourceTree = "<group>"; };
/* End PBXFileReference section */

/* Begin PBXFrameworksBuildPhase section */
		62D522101A010C310096D7D8 /* Frameworks */ = {
			isa = PBXFrameworksBuildPhase;
			buildActionMask = 2147483647;
			files = (
			);
			runOnlyForDeploymentPostprocessing = 0;
		};
		62D522291A010C310096D7D8 /* Frameworks */ = {
			isa = PBXFrameworksBuildPhase;
			buildActionMask = 2147483647;
			files = (
			);
			runOnlyForDeploymentPostprocessing = 0;
		};
/* End PBXFrameworksBuildPhase section */

/* Begin PBXGroup section */
		62D5220A1A010C310096D7D8 = {
			isa = PBXGroup;
			children = (
				62D522151A010C310096D7D8 /* Cube */,
				62D5222F1A010C310096D7D8 /* CubeTests */,
				62D522141A010C310096D7D8 /* Products */,
			);
			sourceTree = "<group>";
		};
		62D522141A010C310096D7D8 /* Products */ = {
			isa = PBXGroup;
			children = (
				62D522131A010C310096D7D8 /* Cube.app */,
				62D5222C1A010C310096D7D8 /* CubeTests.xctest */,
			);
			name = Products;
			sourceTree = "<group>";
		};
		62D522151A010C310096D7D8 /* Cube */ = {
			isa = PBXGroup;
			children = (
				62D5221A1A010C310096D7D8 /* AppDelegate.h */,
				62D5221B1A010C310096D7D8 /* AppDelegate.m */,
				62D5221D1A010C310096D7D8 /* ViewController.h */,
				62D5221E1A010C310096D7D8 /* ViewController.m */,
				62D522201A010C310096D7D8 /* Main.storyboard */,
				62D522231A010C310096D7D8 /* Images.xcassets */,
				62D522251A010C310096D7D8 /* LaunchScreen.xib */,
				62D522161A010C310096D7D8 /* Supporting Files */,
			);
			path = Cube;
			sourceTree = "<group>";
		};
		62D522161A010C310096D7D8 /* Supporting Files */ = {
			isa = PBXGroup;
			children = (
				62C8D5691A0180FB00F5E69E /* Schwarzer_Punkt.jpg */,
				62D522171A010C310096D7D8 /* Info.plist */,
				62D522181A010C310096D7D8 /* main.m */,
			);
			name = "Supporting Files";
			sourceTree = "<group>";
		};
		62D5222F1A010C310096D7D8 /* CubeTests */ = {
			isa = PBXGroup;
			children = (
				62D522321A010C310096D7D8 /* CubeTests.m */,
				62D522301A010C310096D7D8 /* Supporting Files */,
			);
			path = CubeTests;
			sourceTree = "<group>";
		};
		62D522301A010C310096D7D8 /* Supporting Files */ = {
			isa = PBXGroup;
			children = (
				62D522311A010C310096D7D8 /* Info.plist */,
			);
			name = "Supporting Files";
			sourceTree = "<group>";
		};
/* End PBXGroup section */

/* Begin PBXNativeTarget section */
		62D522121A010C310096D7D8 /* Cube */ = {
			isa = PBXNativeTarget;
			buildConfigurationList = 62D522361A010C310096D7D8 /* Build configuration list for PBXNativeTarget "Cube" */;
			buildPhases = (
				62D5220F1A010C310096D7D8 /* Sources */,
				62D522101A010C310096D7D8 /* Frameworks */,
				62D522111A010C310096D7D8 /* Resources */,
			);
			buildRules = (
			);
			dependencies = (
			);
			name = Cube;
			productName = Cube;
			productReference = 62D522131A010C310096D7D8 /* Cube.app */;
			productType = "com.apple.product-type.application";
		};
		62D5222B1A010C310096D7D8 /* CubeTests */ = {
			isa = PBXNativeTarget;
			buildConfigurationList = 62D522391A010C310096D7D8 /* Build configuration list for PBXNativeTarget "CubeTests" */;
			buildPhases = (
				62D522281A010C310096D7D8 /* Sources */,
				62D522291A010C310096D7D8 /* Frameworks */,
				62D5222A1A010C310096D7D8 /* Resources */,
			);
			buildRules = (
			);
			dependencies = (
				62D5222E1A010C310096D7D8 /* PBXTargetDependency */,
			);
			name = CubeTests;
			productName = CubeTests;
			productReference = 62D5222C1A010C310096D7D8 /* CubeTests.xctest */;
			productType = "com.apple.product-type.bundle.unit-test";
		};
/* End PBXNativeTarget section */

/* Begin PBXProject section */
		62D5220B1A010C310096D7D8 /* Project object */ = {
			isa = PBXProject;
			attributes = {
				LastUpgradeCheck = 0610;
				ORGANIZATIONNAME = HugoAppTeam;
				TargetAttributes = {
					62D522121A010C310096D7D8 = {
						CreatedOnToolsVersion = 6.1;
					};
					62D5222B1A010C310096D7D8 = {
						CreatedOnToolsVersion = 6.1;
						TestTargetID = 62D522121A010C310096D7D8;
					};
				};
			};
			buildConfigurationList = 62D5220E1A010C310096D7D8 /* Build configuration list for PBXProject "Cube" */;
			compatibilityVersion = "Xcode 3.2";
			developmentRegion = English;
			hasScannedForEncodings = 0;
			knownRegions = (
				en,
				Base,
			);
			mainGroup = 62D5220A1A010C310096D7D8;
			productRefGroup = 62D522141A010C310096D7D8 /* Products */;
			projectDirPath = "";
			projectRoot = "";
			targets = (
				62D522121A010C310096D7D8 /* Cube */,
				62D5222B1A010C310096D7D8 /* CubeTests */,
			);
		};
/* End PBXProject section */

/* Begin PBXResourcesBuildPhase section */
		62D522111A010C310096D7D8 /* Resources */ = {
			isa = PBXResourcesBuildPhase;
			buildActionMask = 2147483647;
			files = (
				62C8D56A1A0180FB00F5E69E /* Schwarzer_Punkt.jpg in Resources */,
				62D522221A010C310096D7D8 /* Main.storyboard in Resources */,
				62D522271A010C310096D7D8 /* LaunchScreen.xib in Resources */,
				62D522241A010C310096D7D8 /* Images.xcassets in Resources */,
			);
			runOnlyForDeploymentPostprocessing = 0;
		};
		62D5222A1A010C310096D7D8 /* Resources */ = {
			isa = PBXResourcesBuildPhase;
			buildActionMask = 2147483647;
			files = (
			);
			runOnlyForDeploymentPostprocessing = 0;
		};
/* End PBXResourcesBuildPhase section */

/* Begin PBXSourcesBuildPhase section */
		62D5220F1A010C310096D7D8 /* Sources */ = {
			isa = PBXSourcesBuildPhase;
			buildActionMask = 2147483647;
			files = (
				62D5221F1A010C310096D7D8 /* ViewController.m in Sources */,
				62D5221C1A010C310096D7D8 /* AppDelegate.m in Sources */,
				62D522191A010C310096D7D8 /* main.m in Sources */,
			);
			runOnlyForDeploymentPostprocessing = 0;
		};
		62D522281A010C310096D7D8 /* Sources */ = {
			isa = PBXSourcesBuildPhase;
			buildActionMask = 2147483647;
			files = (
				62D522331A010C310096D7D8 /* CubeTests.m in Sources */,
			);
			runOnlyForDeploymentPostprocessing = 0;
		};
/* End PBXSourcesBuildPhase section */

/* Begin PBXTargetDependency section */
		62D5222E1A010C310096D7D8 /* PBXTargetDependency */ = {
			isa = PBXTargetDependency;
			target = 62D522121A010C310096D7D8 /* Cube */;
			targetProxy = 62D5222D1A010C310096D7D8 /* PBXContainerItemProxy */;
		};
/* End PBXTargetDependency section */

/* Begin PBXVariantGroup section */
		62D522201A010C310096D7D8 /* Main.storyboard */ = {
			isa = PBXVariantGroup;
			children = (
				62D522211A010C310096D7D8 /* Base */,
			);
			name = Main.storyboard;
			sourceTree = "<group>";
		};
		62D522251A010C310096D7D8 /* LaunchScreen.xib */ = {
			isa = PBXVariantGroup;
			children = (
				62D522261A010C310096D7D8 /* Base */,
			);
			name = LaunchScreen.xib;
			sourceTree = "<group>";
		};
/* End PBXVariantGroup section */

/* Begin XCBuildConfiguration section */
		62D522341A010C310096D7D8 /* Debug */ = {
			isa = XCBuildConfiguration;
			buildSettings = {
				ALWAYS_SEARCH_USER_PATHS = NO;
				CLANG_CXX_LANGUAGE_STANDARD = "gnu++0x";
				CLANG_CXX_LIBRARY = "libc++";
				CLANG_ENABLE_MODULES = YES;
				CLANG_ENABLE_OBJC_ARC = YES;
				CLANG_WARN_BOOL_CONVERSION = YES;
				CLANG_WARN_CONSTANT_CONVERSION = YES;
				CLANG_WARN_DIRECT_OBJC_ISA_USAGE = YES_ERROR;
				CLANG_WARN_EMPTY_BODY = YES;
				CLANG_WARN_ENUM_CONVERSION = YES;
				CLANG_WARN_INT_CONVERSION = YES;
				CLANG_WARN_OBJC_ROOT_CLASS = YES_ERROR;
				CLANG_WARN_UNREACHABLE_CODE = YES;
				CLANG_WARN__DUPLICATE_METHOD_MATCH = YES;
				"CODE_SIGN_IDENTITY[sdk=iphoneos*]" = "iPhone Developer";
				COPY_PHASE_STRIP = NO;
				ENABLE_STRICT_OBJC_MSGSEND = YES;
				GCC_C_LANGUAGE_STANDARD = gnu99;
				GCC_DYNAMIC_NO_PIC = NO;
				GCC_OPTIMIZATION_LEVEL = 0;
				GCC_PREPROCESSOR_DEFINITIONS = (
					"DEBUG=1",
					"$(inherited)",
				);
				GCC_SYMBOLS_PRIVATE_EXTERN = NO;
				GCC_WARN_64_TO_32_BIT_CONVERSION = YES;
				GCC_WARN_ABOUT_RETURN_TYPE = YES_ERROR;
				GCC_WARN_UNDECLARED_SELECTOR = YES;
				GCC_WARN_UNINITIALIZED_AUTOS = YES_AGGRESSIVE;
				GCC_WARN_UNUSED_FUNCTION = YES;
				GCC_WARN_UNUSED_VARIABLE = YES;
				IPHONEOS_DEPLOYMENT_TARGET = 8.1;
				MTL_ENABLE_DEBUG_INFO = YES;
				ONLY_ACTIVE_ARCH = YES;
				SDKROOT = iphoneos;
				TARGETED_DEVICE_FAMILY = "1,2";
			};
			name = Debug;
		};
		62D522351A010C310096D7D8 /* Release */ = {
			isa = XCBuildConfiguration;
			buildSettings = {
				ALWAYS_SEARCH_USER_PATHS = NO;
				CLANG_CXX_LANGUAGE_STANDARD = "gnu++0x";
				CLANG_CXX_LIBRARY = "libc++";
				CLANG_ENABLE_MODULES = YES;
				CLANG_ENABLE_OBJC_ARC = YES;
				CLANG_WARN_BOOL_CONVERSION = YES;
				CLANG_WARN_CONSTANT_CONVERSION = YES;
				CLANG_WARN_DIRECT_OBJC_ISA_USAGE = YES_ERROR;
				CLANG_WARN_EMPTY_BODY = YES;
				CLANG_WARN_ENUM_CONVERSION = YES;
				CLANG_WARN_INT_CONVERSION = YES;
				CLANG_WARN_OBJC_ROOT_CLASS = YES_ERROR;
				CLANG_WARN_UNREACHABLE_CODE = YES;
				CLANG_WARN__DUPLICATE_METHOD_MATCH = YES;
				"CODE_SIGN_IDENTITY[sdk=iphoneos*]" = "iPhone Developer";
				COPY_PHASE_STRIP = YES;
				ENABLE_NS_ASSERTIONS = NO;
				ENABLE_STRICT_OBJC_MSGSEND = YES;
				GCC_C_LANGUAGE_STANDARD = gnu99;
				GCC_WARN_64_TO_32_BIT_CONVERSION = YES;
				GCC_WARN_ABOUT_RETURN_TYPE = YES_ERROR;
				GCC_WARN_UNDECLARED_SELECTOR = YES;
				GCC_WARN_UNINITIALIZED_AUTOS = YES_AGGRESSIVE;
				GCC_WARN_UNUSED_FUNCTION = YES;
				GCC_WARN_UNUSED_VARIABLE = YES;
				IPHONEOS_DEPLOYMENT_TARGET = 8.1;
				MTL_ENABLE_DEBUG_INFO = NO;
				SDKROOT = iphoneos;
				TARGETED_DEVICE_FAMILY = "1,2";
				VALIDATE_PRODUCT = YES;
			};
			name = Release;
		};
		62D522371A010C310096D7D8 /* Debug */ = {
			isa = XCBuildConfiguration;
			buildSettings = {
				ASSETCATALOG_COMPILER_APPICON_NAME = AppIcon;
				INFOPLIST_FILE = Cube/Info.plist;
				LD_RUNPATH_SEARCH_PATHS = "$(inherited) @executable_path/Frameworks";
				PRODUCT_NAME = "$(TARGET_NAME)";
			};
			name = Debug;
		};
		62D522381A010C310096D7D8 /* Release */ = {
			isa = XCBuildConfiguration;
			buildSettings = {
				ASSETCATALOG_COMPILER_APPICON_NAME = AppIcon;
				INFOPLIST_FILE = Cube/Info.plist;
				LD_RUNPATH_SEARCH_PATHS = "$(inherited) @executable_path/Frameworks";
				PRODUCT_NAME = "$(TARGET_NAME)";
			};
			name = Release;
		};
		62D5223A1A010C310096D7D8 /* Debug */ = {
			isa = XCBuildConfiguration;
			buildSettings = {
				BUNDLE_LOADER = "$(TEST_HOST)";
				FRAMEWORK_SEARCH_PATHS = (
					"$(SDKROOT)/Developer/Library/Frameworks",
					"$(inherited)",
				);
				GCC_PREPROCESSOR_DEFINITIONS = (
					"DEBUG=1",
					"$(inherited)",
				);
				INFOPLIST_FILE = CubeTests/Info.plist;
				LD_RUNPATH_SEARCH_PATHS = "$(inherited) @executable_path/Frameworks @loader_path/Frameworks";
				PRODUCT_NAME = "$(TARGET_NAME)";
				TEST_HOST = "$(BUILT_PRODUCTS_DIR)/Cube.app/Cube";
			};
			name = Debug;
		};
		62D5223B1A010C310096D7D8 /* Release */ = {
			isa = XCBuildConfiguration;
			buildSettings = {
				BUNDLE_LOADER = "$(TEST_HOST)";
				FRAMEWORK_SEARCH_PATHS = (
					"$(SDKROOT)/Developer/Library/Frameworks",
					"$(inherited)",
				);
				INFOPLIST_FILE = CubeTests/Info.plist;
				LD_RUNPATH_SEARCH_PATHS = "$(inherited) @executable_path/Frameworks @loader_path/Frameworks";
				PRODUCT_NAME = "$(TARGET_NAME)";
				TEST_HOST = "$(BUILT_PRODUCTS_DIR)/Cube.app/Cube";
			};
			name = Release;
		};
/* End XCBuildConfiguration section */

/* Begin XCConfigurationList section */
		62D5220E1A010C310096D7D8 /* Build configuration list for PBXProject "Cube" */ = {
			isa = XCConfigurationList;
			buildConfigurations = (
				62D522341A010C310096D7D8 /* Debug */,
				62D522351A010C310096D7D8 /* Release */,
			);
			defaultConfigurationIsVisible = 0;
			defaultConfigurationName = Release;
		};
		62D522361A010C310096D7D8 /* Build configuration list for PBXNativeTarget "Cube" */ = {
			isa = XCConfigurationList;
			buildConfigurations = (
				62D522371A010C310096D7D8 /* Debug */,
				62D522381A010C310096D7D8 /* Release */,
			);
			defaultConfigurationIsVisible = 0;
			defaultConfigurationName = Release;
		};
		62D522391A010C310096D7D8 /* Build configuration list for PBXNativeTarget "CubeTests" */ = {
			isa = XCConfigurationList;
			buildConfigurations = (
				62D5223A1A010C310096D7D8 /* Debug */,
				62D5223B1A010C310096D7D8 /* Release */,
			);
			defaultConfigurationIsVisible = 0;
			defaultConfigurationName = Release;
		};
/* End XCConfigurationList section */
	};
	rootObject = 62D5220B1A010C310096D7D8 /* Project object */;
}
